
Microsoft Visual Studio Solution File, Format Version 12.00
# Visual Studio Version 16
VisualStudioVersion = 25.0.1703.8
MinimumVisualStudioVersion = 10.0.40219.1
Project("{FAE04EC0-301F-11D3-BF4B-00C04F79EFBC}") = "Interview", "Interview\Interview.csproj", "{F3004245-3361-4BF6-BACB-6859206E7669}"
EndProject
Project("{FAE04EC0-301F-11D3-BF4B-00C04F79EFBC}") = "InterviewUnitTest", "InterviewUnitTest\InterviewUnitTest.csproj", "{B3EC8AD7-EFB7-4857-88A4-51F9D2DE445C}"
EndProject
Global
	GlobalSection(SolutionConfigurationPlatforms) = preSolution
		Debug|Any CPU = Debug|Any CPU
		Release|Any CPU = Release|Any CPU
	EndGlobalSection
	GlobalSection(ProjectConfigurationPlatforms) = postSolution
		{F3004245-3361-4BF6-BACB-6859206E7669}.Debug|Any CPU.ActiveCfg = Debug|Any CPU
		{F3004245-3361-4BF6-BACB-6859206E7669}.Debug|Any CPU.Build.0 = Debug|Any CPU
		{F3004245-3361-4BF6-BACB-6859206E7669}.Release|Any CPU.ActiveCfg = Release|Any CPU
		{F3004245-3361-4BF6-BACB-6859206E7669}.Release|Any CPU.Build.0 = Release|Any CPU
		{B3EC8AD7-EFB7-4857-88A4-51F9D2DE445C}.Debug|Any CPU.ActiveCfg = Debug|Any CPU
		{B3EC8AD7-EFB7-4857-88A4-51F9D2DE445C}.Debug|Any CPU.Build.0 = Debug|Any CPU
		{B3EC8AD7-EFB7-4857-88A4-51F9D2DE445C}.Release|Any CPU.ActiveCfg = Release|Any CPU
		{B3EC8AD7-EFB7-4857-88A4-51F9D2DE445C}.Release|Any CPU.Build.0 = Release|Any CPU
	EndGlobalSection
	GlobalSection(SolutionProperties) = preSolution
		HideSolutionNode = FALSE
	EndGlobalSection
	GlobalSection(ExtensibilityGlobals) = postSolution
		SolutionGuid = {2703A8E2-965D-4E03-A778-C7E75AAE2AB7}
	EndGlobalSection
EndGlobal
